
Microsoft Visual Studio Solution File, Format Version 12.00
# Visual Studio 15
VisualStudioVersion = 15.0.26730.15
MinimumVisualStudioVersion = 10.0.40219.1
Project("{D954291E-2A0B-460D-934E-DC6B0785DB48}") = "Messenger", "Messenger\Messenger\Messenger.shproj", "{4347D7BB-71DC-46C0-A208-508E8C8BD4AB}"
EndProject
Project("{FAE04EC0-301F-11D3-BF4B-00C04F79EFBC}") = "Messenger.Android", "Messenger\Messenger.Android\Messenger.Android.csproj", "{E0C8813F-CA93-4FBF-9B0A-A0062E080472}"
EndProject
Project("{FAE04EC0-301F-11D3-BF4B-00C04F79EFBC}") = "Messenger.iOS", "Messenger\Messenger.iOS\Messenger.iOS.csproj", "{41860572-7DE6-48AA-8F19-AF99DFAA87D1}"
EndProject
Project("{FAE04EC0-301F-11D3-BF4B-00C04F79EFBC}") = "Messenger.UWP", "Messenger\Messenger.UWP\Messenger.UWP.csproj", "{48FB8102-A5EC-4B76-B413-8E3D90855AB1}"
EndProject
Global
	GlobalSection(SharedMSBuildProjectFiles) = preSolution
		Messenger\Messenger\Messenger.projitems*{41860572-7de6-48aa-8f19-af99dfaa87d1}*SharedItemsImports = 4
		Messenger\Messenger\Messenger.projitems*{4347d7bb-71dc-46c0-a208-508e8c8bd4ab}*SharedItemsImports = 13
		Messenger\Messenger\Messenger.projitems*{e0c8813f-ca93-4fbf-9b0a-a0062e080472}*SharedItemsImports = 4
	EndGlobalSection
	GlobalSection(SolutionConfigurationPlatforms) = preSolution
		Ad-Hoc|Any CPU = Ad-Hoc|Any CPU
		Ad-Hoc|ARM = Ad-Hoc|ARM
		Ad-Hoc|iPhone = Ad-Hoc|iPhone
		Ad-Hoc|iPhoneSimulator = Ad-Hoc|iPhoneSimulator
		Ad-Hoc|x64 = Ad-Hoc|x64
		Ad-Hoc|x86 = Ad-Hoc|x86
		AppStore|Any CPU = AppStore|Any CPU
		AppStore|ARM = AppStore|ARM
		AppStore|iPhone = AppStore|iPhone
		AppStore|iPhoneSimulator = AppStore|iPhoneSimulator
		AppStore|x64 = AppStore|x64
		AppStore|x86 = AppStore|x86
		Debug|Any CPU = Debug|Any CPU
		Debug|ARM = Debug|ARM
		Debug|iPhone = Debug|iPhone
		Debug|iPhoneSimulator = Debug|iPhoneSimulator
		Debug|x64 = Debug|x64
		Debug|x86 = Debug|x86
		Release|Any CPU = Release|Any CPU
		Release|ARM = Release|ARM
		Release|iPhone = Release|iPhone
		Release|iPhoneSimulator = Release|iPhoneSimulator
		Release|x64 = Release|x64
		Release|x86 = Release|x86
	EndGlobalSection
	GlobalSection(ProjectConfigurationPlatforms) = postSolution
		{E0C8813F-CA93-4FBF-9B0A-A0062E080472}.Ad-Hoc|Any CPU.ActiveCfg = Release|Any CPU
		{E0C8813F-CA93-4FBF-9B0A-A0062E080472}.Ad-Hoc|Any CPU.Build.0 = Release|Any CPU
		{E0C8813F-CA93-4FBF-9B0A-A0062E080472}.Ad-Hoc|Any CPU.Deploy.0 = Release|Any CPU
		{E0C8813F-CA93-4FBF-9B0A-A0062E080472}.Ad-Hoc|ARM.ActiveCfg = Release|Any CPU
		{E0C8813F-CA93-4FBF-9B0A-A0062E080472}.Ad-Hoc|ARM.Build.0 = Release|Any CPU
		{E0C8813F-CA93-4FBF-9B0A-A0062E080472}.Ad-Hoc|ARM.Deploy.0 = Release|Any CPU
		{E0C8813F-CA93-4FBF-9B0A-A0062E080472}.Ad-Hoc|iPhone.ActiveCfg = Release|Any CPU
		{E0C8813F-CA93-4FBF-9B0A-A0062E080472}.Ad-Hoc|iPhone.Build.0 = Release|Any CPU
		{E0C8813F-CA93-4FBF-9B0A-A0062E080472}.Ad-Hoc|iPhone.Deploy.0 = Release|Any CPU
		{E0C8813F-CA93-4FBF-9B0A-A0062E080472}.Ad-Hoc|iPhoneSimulator.ActiveCfg = Release|Any CPU
		{E0C8813F-CA93-4FBF-9B0A-A0062E080472}.Ad-Hoc|iPhoneSimulator.Build.0 = Release|Any CPU
		{E0C8813F-CA93-4FBF-9B0A-A0062E080472}.Ad-Hoc|iPhoneSimulator.Deploy.0 = Release|Any CPU
		{E0C8813F-CA93-4FBF-9B0A-A0062E080472}.Ad-Hoc|x64.ActiveCfg = Release|Any CPU
		{E0C8813F-CA93-4FBF-9B0A-A0062E080472}.Ad-Hoc|x64.Build.0 = Release|Any CPU
		{E0C8813F-CA93-4FBF-9B0A-A0062E080472}.Ad-Hoc|x64.Deploy.0 = Release|Any CPU
		{E0C8813F-CA93-4FBF-9B0A-A0062E080472}.Ad-Hoc|x86.ActiveCfg = Release|Any CPU
		{E0C8813F-CA93-4FBF-9B0A-A0062E080472}.Ad-Hoc|x86.Build.0 = Release|Any CPU
		{E0C8813F-CA93-4FBF-9B0A-A0062E080472}.Ad-Hoc|x86.Deploy.0 = Release|Any CPU
		{E0C8813F-CA93-4FBF-9B0A-A0062E080472}.AppStore|Any CPU.ActiveCfg = Release|Any CPU
		{E0C8813F-CA93-4FBF-9B0A-A0062E080472}.AppStore|Any CPU.Build.0 = Release|Any CPU
		{E0C8813F-CA93-4FBF-9B0A-A0062E080472}.AppStore|Any CPU.Deploy.0 = Release|Any CPU
		{E0C8813F-CA93-4FBF-9B0A-A0062E080472}.AppStore|ARM.ActiveCfg = Release|Any CPU
		{E0C8813F-CA93-4FBF-9B0A-A0062E080472}.AppStore|ARM.Build.0 = Release|Any CPU
		{E0C8813F-CA93-4FBF-9B0A-A0062E080472}.AppStore|ARM.Deploy.0 = Release|Any CPU
		{E0C8813F-CA93-4FBF-9B0A-A0062E080472}.AppStore|iPhone.ActiveCfg = Release|Any CPU
		{E0C8813F-CA93-4FBF-9B0A-A0062E080472}.AppStore|iPhone.Build.0 = Release|Any CPU
		{E0C8813F-CA93-4FBF-9B0A-A0062E080472}.AppStore|iPhone.Deploy.0 = Release|Any CPU
		{E0C8813F-CA93-4FBF-9B0A-A0062E080472}.AppStore|iPhoneSimulator.ActiveCfg = Release|Any CPU
		{E0C8813F-CA93-4FBF-9B0A-A0062E080472}.AppStore|iPhoneSimulator.Build.0 = Release|Any CPU
		{E0C8813F-CA93-4FBF-9B0A-A0062E080472}.AppStore|iPhoneSimulator.Deploy.0 = Release|Any CPU
		{E0C8813F-CA93-4FBF-9B0A-A0062E080472}.AppStore|x64.ActiveCfg = Release|Any CPU
		{E0C8813F-CA93-4FBF-9B0A-A0062E080472}.AppStore|x64.Build.0 = Release|Any CPU
		{E0C8813F-CA93-4FBF-9B0A-A0062E080472}.AppStore|x64.Deploy.0 = Release|Any CPU
		{E0C8813F-CA93-4FBF-9B0A-A0062E080472}.AppStore|x86.ActiveCfg = Release|Any CPU
		{E0C8813F-CA93-4FBF-9B0A-A0062E080472}.AppStore|x86.Build.0 = Release|Any CPU
		{E0C8813F-CA93-4FBF-9B0A-A0062E080472}.AppStore|x86.Deploy.0 = Release|Any CPU
		{E0C8813F-CA93-4FBF-9B0A-A0062E080472}.Debug|Any CPU.ActiveCfg = Debug|Any CPU
		{E0C8813F-CA93-4FBF-9B0A-A0062E080472}.Debug|Any CPU.Build.0 = Debug|Any CPU
		{E0C8813F-CA93-4FBF-9B0A-A0062E080472}.Debug|Any CPU.Deploy.0 = Debug|Any CPU
		{E0C8813F-CA93-4FBF-9B0A-A0062E080472}.Debug|ARM.ActiveCfg = Debug|Any CPU
		{E0C8813F-CA93-4FBF-9B0A-A0062E080472}.Debug|ARM.Build.0 = Debug|Any CPU
		{E0C8813F-CA93-4FBF-9B0A-A0062E080472}.Debug|ARM.Deploy.0 = Debug|Any CPU
		{E0C8813F-CA93-4FBF-9B0A-A0062E080472}.Debug|iPhone.ActiveCfg = Debug|Any CPU
		{E0C8813F-CA93-4FBF-9B0A-A0062E080472}.Debug|iPhone.Build.0 = Debug|Any CPU
		{E0C8813F-CA93-4FBF-9B0A-A0062E080472}.Debug|iPhone.Deploy.0 = Debug|Any CPU
		{E0C8813F-CA93-4FBF-9B0A-A0062E080472}.Debug|iPhoneSimulator.ActiveCfg = Debug|Any CPU
		{E0C8813F-CA93-4FBF-9B0A-A0062E080472}.Debug|iPhoneSimulator.Build.0 = Debug|Any CPU
		{E0C8813F-CA93-4FBF-9B0A-A0062E080472}.Debug|iPhoneSimulator.Deploy.0 = Debug|Any CPU
		{E0C8813F-CA93-4FBF-9B0A-A0062E080472}.Debug|x64.ActiveCfg = Debug|Any CPU
		{E0C8813F-CA93-4FBF-9B0A-A0062E080472}.Debug|x64.Build.0 = Debug|Any CPU
		{E0C8813F-CA93-4FBF-9B0A-A0062E080472}.Debug|x64.Deploy.0 = Debug|Any CPU
		{E0C8813F-CA93-4FBF-9B0A-A0062E080472}.Debug|x86.ActiveCfg = Debug|Any CPU
		{E0C8813F-CA93-4FBF-9B0A-A0062E080472}.Debug|x86.Build.0 = Debug|Any CPU
		{E0C8813F-CA93-4FBF-9B0A-A0062E080472}.Debug|x86.Deploy.0 = Debug|Any CPU
		{E0C8813F-CA93-4FBF-9B0A-A0062E080472}.Release|Any CPU.ActiveCfg = Release|Any CPU
		{E0C8813F-CA93-4FBF-9B0A-A0062E080472}.Release|Any CPU.Build.0 = Release|Any CPU
		{E0C8813F-CA93-4FBF-9B0A-A0062E080472}.Release|Any CPU.Deploy.0 = Release|Any CPU
		{E0C8813F-CA93-4FBF-9B0A-A0062E080472}.Release|ARM.ActiveCfg = Release|Any CPU
		{E0C8813F-CA93-4FBF-9B0A-A0062E080472}.Release|ARM.Build.0 = Release|Any CPU
		{E0C8813F-CA93-4FBF-9B0A-A0062E080472}.Release|ARM.Deploy.0 = Release|Any CPU
		{E0C8813F-CA93-4FBF-9B0A-A0062E080472}.Release|iPhone.ActiveCfg = Release|Any CPU
		{E0C8813F-CA93-4FBF-9B0A-A0062E080472}.Release|iPhone.Build.0 = Release|Any CPU
		{E0C8813F-CA93-4FBF-9B0A-A0062E080472}.Release|iPhone.Deploy.0 = Release|Any CPU
		{E0C8813F-CA93-4FBF-9B0A-A0062E080472}.Release|iPhoneSimulator.ActiveCfg = Release|Any CPU
		{E0C8813F-CA93-4FBF-9B0A-A0062E080472}.Release|iPhoneSimulator.Build.0 = Release|Any CPU
		{E0C8813F-CA93-4FBF-9B0A-A0062E080472}.Release|iPhoneSimulator.Deploy.0 = Release|Any CPU
		{E0C8813F-CA93-4FBF-9B0A-A0062E080472}.Release|x64.ActiveCfg = Release|Any CPU
		{E0C8813F-CA93-4FBF-9B0A-A0062E080472}.Release|x64.Build.0 = Release|Any CPU
		{E0C8813F-CA93-4FBF-9B0A-A0062E080472}.Release|x64.Deploy.0 = Release|Any CPU
		{E0C8813F-CA93-4FBF-9B0A-A0062E080472}.Release|x86.ActiveCfg = Release|Any CPU
		{E0C8813F-CA93-4FBF-9B0A-A0062E080472}.Release|x86.Build.0 = Release|Any CPU
		{E0C8813F-CA93-4FBF-9B0A-A0062E080472}.Release|x86.Deploy.0 = Release|Any CPU
		{41860572-7DE6-48AA-8F19-AF99DFAA87D1}.Ad-Hoc|Any CPU.ActiveCfg = Ad-Hoc|iPhone
		{41860572-7DE6-48AA-8F19-AF99DFAA87D1}.Ad-Hoc|ARM.ActiveCfg = Ad-Hoc|iPhone
		{41860572-7DE6-48AA-8F19-AF99DFAA87D1}.Ad-Hoc|iPhone.ActiveCfg = Ad-Hoc|iPhone
		{41860572-7DE6-48AA-8F19-AF99DFAA87D1}.Ad-Hoc|iPhone.Build.0 = Ad-Hoc|iPhone
		{41860572-7DE6-48AA-8F19-AF99DFAA87D1}.Ad-Hoc|iPhoneSimulator.ActiveCfg = Ad-Hoc|iPhoneSimulator
		{41860572-7DE6-48AA-8F19-AF99DFAA87D1}.Ad-Hoc|iPhoneSimulator.Build.0 = Ad-Hoc|iPhoneSimulator
		{41860572-7DE6-48AA-8F19-AF99DFAA87D1}.Ad-Hoc|x64.ActiveCfg = Ad-Hoc|iPhone
		{41860572-7DE6-48AA-8F19-AF99DFAA87D1}.Ad-Hoc|x86.ActiveCfg = Ad-Hoc|iPhone
		{41860572-7DE6-48AA-8F19-AF99DFAA87D1}.AppStore|Any CPU.ActiveCfg = AppStore|iPhone
		{41860572-7DE6-48AA-8F19-AF99DFAA87D1}.AppStore|ARM.ActiveCfg = AppStore|iPhone
		{41860572-7DE6-48AA-8F19-AF99DFAA87D1}.AppStore|iPhone.ActiveCfg = AppStore|iPhone
		{41860572-7DE6-48AA-8F19-AF99DFAA87D1}.AppStore|iPhone.Build.0 = AppStore|iPhone
		{41860572-7DE6-48AA-8F19-AF99DFAA87D1}.AppStore|iPhoneSimulator.ActiveCfg = AppStore|iPhoneSimulator
		{41860572-7DE6-48AA-8F19-AF99DFAA87D1}.AppStore|iPhoneSimulator.Build.0 = AppStore|iPhoneSimulator
		{41860572-7DE6-48AA-8F19-AF99DFAA87D1}.AppStore|x64.ActiveCfg = AppStore|iPhone
		{41860572-7DE6-48AA-8F19-AF99DFAA87D1}.AppStore|x86.ActiveCfg = AppStore|iPhone
		{41860572-7DE6-48AA-8F19-AF99DFAA87D1}.Debug|Any CPU.ActiveCfg = Debug|iPhone
		{41860572-7DE6-48AA-8F19-AF99DFAA87D1}.Debug|ARM.ActiveCfg = Debug|iPhone
		{41860572-7DE6-48AA-8F19-AF99DFAA87D1}.Debug|iPhone.ActiveCfg = Debug|iPhone
		{41860572-7DE6-48AA-8F19-AF99DFAA87D1}.Debug|iPhone.Build.0 = Debug|iPhone
		{41860572-7DE6-48AA-8F19-AF99DFAA87D1}.Debug|iPhoneSimulator.ActiveCfg = Debug|iPhoneSimulator
		{41860572-7DE6-48AA-8F19-AF99DFAA87D1}.Debug|iPhoneSimulator.Build.0 = Debug|iPhoneSimulator
		{41860572-7DE6-48AA-8F19-AF99DFAA87D1}.Debug|x64.ActiveCfg = Debug|iPhone
		{41860572-7DE6-48AA-8F19-AF99DFAA87D1}.Debug|x86.ActiveCfg = Debug|iPhone
		{41860572-7DE6-48AA-8F19-AF99DFAA87D1}.Release|Any CPU.ActiveCfg = Release|iPhone
		{41860572-7DE6-48AA-8F19-AF99DFAA87D1}.Release|ARM.ActiveCfg = Release|iPhone
		{41860572-7DE6-48AA-8F19-AF99DFAA87D1}.Release|iPhone.ActiveCfg = Release|iPhone
		{41860572-7DE6-48AA-8F19-AF99DFAA87D1}.Release|iPhone.Build.0 = Release|iPhone
		{41860572-7DE6-48AA-8F19-AF99DFAA87D1}.Release|iPhoneSimulator.ActiveCfg = Release|iPhoneSimulator
		{41860572-7DE6-48AA-8F19-AF99DFAA87D1}.Release|iPhoneSimulator.Build.0 = Release|iPhoneSimulator
		{41860572-7DE6-48AA-8F19-AF99DFAA87D1}.Release|x64.ActiveCfg = Release|iPhone
		{41860572-7DE6-48AA-8F19-AF99DFAA87D1}.Release|x86.ActiveCfg = Release|iPhone
		{48FB8102-A5EC-4B76-B413-8E3D90855AB1}.Ad-Hoc|Any CPU.ActiveCfg = Release|x86
		{48FB8102-A5EC-4B76-B413-8E3D90855AB1}.Ad-Hoc|Any CPU.Build.0 = Release|x86
		{48FB8102-A5EC-4B76-B413-8E3D90855AB1}.Ad-Hoc|Any CPU.Deploy.0 = Release|x86
		{48FB8102-A5EC-4B76-B413-8E3D90855AB1}.Ad-Hoc|ARM.ActiveCfg = Release|ARM
		{48FB8102-A5EC-4B76-B413-8E3D90855AB1}.Ad-Hoc|ARM.Build.0 = Release|ARM
		{48FB8102-A5EC-4B76-B413-8E3D90855AB1}.Ad-Hoc|ARM.Deploy.0 = Release|ARM
		{48FB8102-A5EC-4B76-B413-8E3D90855AB1}.Ad-Hoc|iPhone.ActiveCfg = Release|x86
		{48FB8102-A5EC-4B76-B413-8E3D90855AB1}.Ad-Hoc|iPhone.Build.0 = Release|x86
		{48FB8102-A5EC-4B76-B413-8E3D90855AB1}.Ad-Hoc|iPhone.Deploy.0 = Release|x86
		{48FB8102-A5EC-4B76-B413-8E3D90855AB1}.Ad-Hoc|iPhoneSimulator.ActiveCfg = Release|x86
		{48FB8102-A5EC-4B76-B413-8E3D90855AB1}.Ad-Hoc|iPhoneSimulator.Build.0 = Release|x86
		{48FB8102-A5EC-4B76-B413-8E3D90855AB1}.Ad-Hoc|iPhoneSimulator.Deploy.0 = Release|x86
		{48FB8102-A5EC-4B76-B413-8E3D90855AB1}.Ad-Hoc|x64.ActiveCfg = Release|x64
		{48FB8102-A5EC-4B76-B413-8E3D90855AB1}.Ad-Hoc|x64.Build.0 = Release|x64
		{48FB8102-A5EC-4B76-B413-8E3D90855AB1}.Ad-Hoc|x64.Deploy.0 = Release|x64
		{48FB8102-A5EC-4B76-B413-8E3D90855AB1}.Ad-Hoc|x86.ActiveCfg = Release|x86
		{48FB8102-A5EC-4B76-B413-8E3D90855AB1}.Ad-Hoc|x86.Build.0 = Release|x86
		{48FB8102-A5EC-4B76-B413-8E3D90855AB1}.Ad-Hoc|x86.Deploy.0 = Release|x86
		{48FB8102-A5EC-4B76-B413-8E3D90855AB1}.AppStore|Any CPU.ActiveCfg = Release|x86
		{48FB8102-A5EC-4B76-B413-8E3D90855AB1}.AppStore|Any CPU.Build.0 = Release|x86
		{48FB8102-A5EC-4B76-B413-8E3D90855AB1}.AppStore|Any CPU.Deploy.0 = Release|x86
		{48FB8102-A5EC-4B76-B413-8E3D90855AB1}.AppStore|ARM.ActiveCfg = Release|ARM
		{48FB8102-A5EC-4B76-B413-8E3D90855AB1}.AppStore|ARM.Build.0 = Release|ARM
		{48FB8102-A5EC-4B76-B413-8E3D90855AB1}.AppStore|ARM.Deploy.0 = Release|ARM
		{48FB8102-A5EC-4B76-B413-8E3D90855AB1}.AppStore|iPhone.ActiveCfg = Release|x86
		{48FB8102-A5EC-4B76-B413-8E3D90855AB1}.AppStore|iPhone.Build.0 = Release|x86
		{48FB8102-A5EC-4B76-B413-8E3D90855AB1}.AppStore|iPhone.Deploy.0 = Release|x86
		{48FB8102-A5EC-4B76-B413-8E3D90855AB1}.AppStore|iPhoneSimulator.ActiveCfg = Release|x86
		{48FB8102-A5EC-4B76-B413-8E3D90855AB1}.AppStore|iPhoneSimulator.Build.0 = Release|x86
		{48FB8102-A5EC-4B76-B413-8E3D90855AB1}.AppStore|iPhoneSimulator.Deploy.0 = Release|x86
		{48FB8102-A5EC-4B76-B413-8E3D90855AB1}.AppStore|x64.ActiveCfg = Release|x64
		{48FB8102-A5EC-4B76-B413-8E3D90855AB1}.AppStore|x64.Build.0 = Release|x64
		{48FB8102-A5EC-4B76-B413-8E3D90855AB1}.AppStore|x64.Deploy.0 = Release|x64
		{48FB8102-A5EC-4B76-B413-8E3D90855AB1}.AppStore|x86.ActiveCfg = Release|x86
		{48FB8102-A5EC-4B76-B413-8E3D90855AB1}.AppStore|x86.Build.0 = Release|x86
		{48FB8102-A5EC-4B76-B413-8E3D90855AB1}.AppStore|x86.Deploy.0 = Release|x86
		{48FB8102-A5EC-4B76-B413-8E3D90855AB1}.Debug|Any CPU.ActiveCfg = Debug|x86
		{48FB8102-A5EC-4B76-B413-8E3D90855AB1}.Debug|ARM.ActiveCfg = Debug|ARM
		{48FB8102-A5EC-4B76-B413-8E3D90855AB1}.Debug|ARM.Build.0 = Debug|ARM
		{48FB8102-A5EC-4B76-B413-8E3D90855AB1}.Debug|ARM.Deploy.0 = Debug|ARM
		{48FB8102-A5EC-4B76-B413-8E3D90855AB1}.Debug|iPhone.ActiveCfg = Debug|x86
		{48FB8102-A5EC-4B76-B413-8E3D90855AB1}.Debug|iPhoneSimulator.ActiveCfg = Debug|x86
		{48FB8102-A5EC-4B76-B413-8E3D90855AB1}.Debug|x64.ActiveCfg = Debug|x64
		{48FB8102-A5EC-4B76-B413-8E3D90855AB1}.Debug|x64.Build.0 = Debug|x64
		{48FB8102-A5EC-4B76-B413-8E3D90855AB1}.Debug|x64.Deploy.0 = Debug|x64
		{48FB8102-A5EC-4B76-B413-8E3D90855AB1}.Debug|x86.ActiveCfg = Debug|x86
		{48FB8102-A5EC-4B76-B413-8E3D90855AB1}.Debug|x86.Build.0 = Debug|x86
		{48FB8102-A5EC-4B76-B413-8E3D90855AB1}.Debug|x86.Deploy.0 = Debug|x86
		{48FB8102-A5EC-4B76-B413-8E3D90855AB1}.Release|Any CPU.ActiveCfg = Release|x86
		{48FB8102-A5EC-4B76-B413-8E3D90855AB1}.Release|ARM.ActiveCfg = Release|ARM
		{48FB8102-A5EC-4B76-B413-8E3D90855AB1}.Release|ARM.Build.0 = Release|ARM
		{48FB8102-A5EC-4B76-B413-8E3D90855AB1}.Release|ARM.Deploy.0 = Release|ARM
		{48FB8102-A5EC-4B76-B413-8E3D90855AB1}.Release|iPhone.ActiveCfg = Release|x86
		{48FB8102-A5EC-4B76-B413-8E3D90855AB1}.Release|iPhoneSimulator.ActiveCfg = Release|x86
		{48FB8102-A5EC-4B76-B413-8E3D90855AB1}.Release|x64.ActiveCfg = Release|x64
		{48FB8102-A5EC-4B76-B413-8E3D90855AB1}.Release|x64.Build.0 = Release|x64
		{48FB8102-A5EC-4B76-B413-8E3D90855AB1}.Release|x64.Deploy.0 = Release|x64
		{48FB8102-A5EC-4B76-B413-8E3D90855AB1}.Release|x86.ActiveCfg = Release|x86
		{48FB8102-A5EC-4B76-B413-8E3D90855AB1}.Release|x86.Build.0 = Release|x86
		{48FB8102-A5EC-4B76-B413-8E3D90855AB1}.Release|x86.Deploy.0 = Release|x86
	EndGlobalSection
	GlobalSection(SolutionProperties) = preSolution
		HideSolutionNode = FALSE
	EndGlobalSection
	GlobalSection(ExtensibilityGlobals) = postSolution
		SolutionGuid = {CF9A63B1-AEBC-48ED-A169-A2D49D96277C}
	EndGlobalSection
EndGlobal
